
Microsoft Visual Studio Solution File, Format Version 11.00
# Visual Studio 2010
Project("{FAE04EC0-301F-11D3-BF4B-00C04F79EFBC}") = "MikuRoot", "Assembly-CSharp.csproj", "{AB9782BE-1CA9-0E55-9457-BE6A9CC0452D}"
EndProject
Project("{FAE04EC0-301F-11D3-BF4B-00C04F79EFBC}") = "MikuRoot", "Assembly-CSharp-firstpass.csproj", "{CC24C8F9-84F3-231D-FED3-48D12F002D90}"
EndProject
Project("{FAE04EC0-301F-11D3-BF4B-00C04F79EFBC}") = "MikuRoot", "Assembly-CSharp-Editor.csproj", "{995138EA-B4D5-6AF5-FC8C-8C79E80190F6}"
EndProject
Project("{FAE04EC0-301F-11D3-BF4B-00C04F79EFBC}") = "MikuRoot", "Assembly-CSharp-Editor-firstpass.csproj", "{347D1686-B72F-2EAB-08B7-7B78ADCF7430}"
EndProject
Global
	GlobalSection(SolutionConfigurationPlatforms) = preSolution
		Debug|Any CPU = Debug|Any CPU
		Release|Any CPU = Release|Any CPU
	EndGlobalSection
	GlobalSection(ProjectConfigurationPlatforms) = postSolution
		{AB9782BE-1CA9-0E55-9457-BE6A9CC0452D}.Debug|Any CPU.ActiveCfg = Debug|Any CPU
		{AB9782BE-1CA9-0E55-9457-BE6A9CC0452D}.Debug|Any CPU.Build.0 = Debug|Any CPU
		{AB9782BE-1CA9-0E55-9457-BE6A9CC0452D}.Release|Any CPU.ActiveCfg = Release|Any CPU
		{AB9782BE-1CA9-0E55-9457-BE6A9CC0452D}.Release|Any CPU.Build.0 = Release|Any CPU
		{CC24C8F9-84F3-231D-FED3-48D12F002D90}.Debug|Any CPU.ActiveCfg = Debug|Any CPU
		{CC24C8F9-84F3-231D-FED3-48D12F002D90}.Debug|Any CPU.Build.0 = Debug|Any CPU
		{CC24C8F9-84F3-231D-FED3-48D12F002D90}.Release|Any CPU.ActiveCfg = Release|Any CPU
		{CC24C8F9-84F3-231D-FED3-48D12F002D90}.Release|Any CPU.Build.0 = Release|Any CPU
		{995138EA-B4D5-6AF5-FC8C-8C79E80190F6}.Debug|Any CPU.ActiveCfg = Debug|Any CPU
		{995138EA-B4D5-6AF5-FC8C-8C79E80190F6}.Debug|Any CPU.Build.0 = Debug|Any CPU
		{995138EA-B4D5-6AF5-FC8C-8C79E80190F6}.Release|Any CPU.ActiveCfg = Release|Any CPU
		{995138EA-B4D5-6AF5-FC8C-8C79E80190F6}.Release|Any CPU.Build.0 = Release|Any CPU
		{347D1686-B72F-2EAB-08B7-7B78ADCF7430}.Debug|Any CPU.ActiveCfg = Debug|Any CPU
		{347D1686-B72F-2EAB-08B7-7B78ADCF7430}.Debug|Any CPU.Build.0 = Debug|Any CPU
		{347D1686-B72F-2EAB-08B7-7B78ADCF7430}.Release|Any CPU.ActiveCfg = Release|Any CPU
		{347D1686-B72F-2EAB-08B7-7B78ADCF7430}.Release|Any CPU.Build.0 = Release|Any CPU
	EndGlobalSection
	GlobalSection(SolutionProperties) = preSolution
		HideSolutionNode = FALSE
	EndGlobalSection
	GlobalSection(MonoDevelopProperties) = preSolution
		StartupItem = Assembly-CSharp.csproj
	EndGlobalSection
EndGlobal
